
Microsoft Visual Studio Solution File, Format Version 12.00
# Visual Studio Version 17
VisualStudioVersion = 17.9.34714.143
MinimumVisualStudioVersion = 10.0.40219.1
Project("{FAE04EC0-301F-11D3-BF4B-00C04F79EFBC}") = "WebApplication1", "WebApplication1\WebApplication1.csproj", "{B84824AE-CD11-4439-A449-A48E3A150F22}"
EndProject
Global
	GlobalSection(SolutionConfigurationPlatforms) = preSolution
		Debug|Any CPU = Debug|Any CPU
		Release|Any CPU = Release|Any CPU
	EndGlobalSection
	GlobalSection(ProjectConfigurationPlatforms) = postSolution
		{B84824AE-CD11-4439-A449-A48E3A150F22}.Debug|Any CPU.ActiveCfg = Debug|Any CPU
		{B84824AE-CD11-4439-A449-A48E3A150F22}.Debug|Any CPU.Build.0 = Debug|Any CPU
		{B84824AE-CD11-4439-A449-A48E3A150F22}.Release|Any CPU.ActiveCfg = Release|Any CPU
		{B84824AE-CD11-4439-A449-A48E3A150F22}.Release|Any CPU.Build.0 = Release|Any CPU
	EndGlobalSection
	GlobalSection(SolutionProperties) = preSolution
		HideSolutionNode = FALSE
	EndGlobalSection
	GlobalSection(ExtensibilityGlobals) = postSolution
		SolutionGuid = {6D753B7F-83A1-49C8-8371-1FF48CEC7109}
	EndGlobalSection
EndGlobal
